
Microsoft Visual Studio Solution File, Format Version 12.00
# Visual Studio Version 17
VisualStudioVersion = 17.6.33815.320
MinimumVisualStudioVersion = 10.0.40219.1
Project("{FAE04EC0-301F-11D3-BF4B-00C04F79EFBC}") = "Moncirque", "cirque\Moncirque.csproj", "{686910AB-048A-4357-9A37-1065C713F192}"
EndProject
Project("{FAE04EC0-301F-11D3-BF4B-00C04F79EFBC}") = "Consolecirque", "Consolecirque\Consolecirque.csproj", "{6D769A18-6725-4D58-BE2A-4D63DCD2D667}"
EndProject
Global
	GlobalSection(SolutionConfigurationPlatforms) = preSolution
		Debug|Any CPU = Debug|Any CPU
		Release|Any CPU = Release|Any CPU
	EndGlobalSection
	GlobalSection(ProjectConfigurationPlatforms) = postSolution
		{686910AB-048A-4357-9A37-1065C713F192}.Debug|Any CPU.ActiveCfg = Debug|Any CPU
		{686910AB-048A-4357-9A37-1065C713F192}.Debug|Any CPU.Build.0 = Debug|Any CPU
		{686910AB-048A-4357-9A37-1065C713F192}.Release|Any CPU.ActiveCfg = Release|Any CPU
		{686910AB-048A-4357-9A37-1065C713F192}.Release|Any CPU.Build.0 = Release|Any CPU
		{6D769A18-6725-4D58-BE2A-4D63DCD2D667}.Debug|Any CPU.ActiveCfg = Debug|Any CPU
		{6D769A18-6725-4D58-BE2A-4D63DCD2D667}.Debug|Any CPU.Build.0 = Debug|Any CPU
		{6D769A18-6725-4D58-BE2A-4D63DCD2D667}.Release|Any CPU.ActiveCfg = Release|Any CPU
		{6D769A18-6725-4D58-BE2A-4D63DCD2D667}.Release|Any CPU.Build.0 = Release|Any CPU
	EndGlobalSection
	GlobalSection(SolutionProperties) = preSolution
		HideSolutionNode = FALSE
	EndGlobalSection
	GlobalSection(ExtensibilityGlobals) = postSolution
		SolutionGuid = {C6123568-AC80-43F8-8383-6C8E0F61CC32}
	EndGlobalSection
EndGlobal
